// !$*UTF8*$!
{
	archiveVersion = 1;
	classes = {
	};
	objectVersion = 45;
	objects = {

/* Begin PBXBuildFile section */
		1DDD58160DA1D0A300B32029 /* MainMenu.xib in Resources */ = {isa = PBXBuildFile; fileRef = 1DDD58140DA1D0A300B32029 /* MainMenu.xib */; };
		256AC3DA0F4B6AC300CF3369 /* TabiAppDelegate.m in Sources */ = {isa = PBXBuildFile; fileRef = 256AC3D90F4B6AC300CF3369 /* TabiAppDelegate.m */; };
		67632BA0110D601D00B91374 /* snail.icns in Resources */ = {isa = PBXBuildFile; fileRef = 67632B9F110D601D00B91374 /* snail.icns */; };
		67632C92110D726A00B91374 /* snail_16_black_white.png in Resources */ = {isa = PBXBuildFile; fileRef = 67632C91110D726A00B91374 /* snail_16_black_white.png */; };
		67632CB4110D737000B91374 /* snail_16_yellow.png in Resources */ = {isa = PBXBuildFile; fileRef = 67632CB3110D737000B91374 /* snail_16_yellow.png */; };
		67632D5A110D823C00B91374 /* NSAppUtils.m in Sources */ = {isa = PBXBuildFile; fileRef = 67632D59110D823C00B91374 /* NSAppUtils.m */; };
		67633148110E7A1300B91374 /* SystemConfiguration.framework in Frameworks */ = {isa = PBXBuildFile; fileRef = 67633147110E7A1300B91374 /* SystemConfiguration.framework */; };
		67633169110E7AF700B91374 /* Security.framework in Frameworks */ = {isa = PBXBuildFile; fileRef = 67633168110E7AF700B91374 /* Security.framework */; };
		6763336F110F70D300B91374 /* Growl.framework in Frameworks */ = {isa = PBXBuildFile; fileRef = 6763336E110F70D300B91374 /* Growl.framework */; };
		676333C2110F74AE00B91374 /* Growl.framework in CopyFiles */ = {isa = PBXBuildFile; fileRef = 6763336E110F70D300B91374 /* Growl.framework */; };
		678ADCDC112FD07F00514633 /* TabiAgent.m in Sources */ = {isa = PBXBuildFile; fileRef = 678ADCDB112FD07F00514633 /* TabiAgent.m */; };
		678AE00311325A9D00514633 /* NSDictionaryAdditions.m in Sources */ = {isa = PBXBuildFile; fileRef = 678AE00211325A9D00514633 /* NSDictionaryAdditions.m */; };
		678D0A1A113319A300501B10 /* Actor.m in Sources */ = {isa = PBXBuildFile; fileRef = 678D0A11113319A300501B10 /* Actor.m */; };
		678D0A1B113319A300501B10 /* BlocksAdditions.m in Sources */ = {isa = PBXBuildFile; fileRef = 678D0A13113319A300501B10 /* BlocksAdditions.m */; };
		678D0A1C113319A300501B10 /* CollectionsAdditions.m in Sources */ = {isa = PBXBuildFile; fileRef = 678D0A15113319A300501B10 /* CollectionsAdditions.m */; };
		678D0A1D113319A300501B10 /* NetUtils.m in Sources */ = {isa = PBXBuildFile; fileRef = 678D0A17113319A300501B10 /* NetUtils.m */; };
		678D0A1E113319A300501B10 /* NetworkObserver.m in Sources */ = {isa = PBXBuildFile; fileRef = 678D0A19113319A300501B10 /* NetworkObserver.m */; };
		8D11072B0486CEB800E47090 /* InfoPlist.strings in Resources */ = {isa = PBXBuildFile; fileRef = 089C165CFE840E0CC02AAC07 /* InfoPlist.strings */; };
		8D11072D0486CEB800E47090 /* main.m in Sources */ = {isa = PBXBuildFile; fileRef = 29B97316FDCFA39411CA2CEA /* main.m */; settings = {ATTRIBUTES = (); }; };
		8D11072F0486CEB800E47090 /* Cocoa.framework in Frameworks */ = {isa = PBXBuildFile; fileRef = 1058C7A1FEA54F0111CA2CBB /* Cocoa.framework */; };
/* End PBXBuildFile section */

/* Begin PBXCopyFilesBuildPhase section */
		676333AD110F73E400B91374 /* CopyFiles */ = {
			isa = PBXCopyFilesBuildPhase;
			buildActionMask = 2147483647;
			dstPath = "";
			dstSubfolderSpec = 10;
			files = (
				676333C2110F74AE00B91374 /* Growl.framework in CopyFiles */,
			);
			runOnlyForDeploymentPostprocessing = 0;
		};
/* End PBXCopyFilesBuildPhase section */

/* Begin PBXFileReference section */
		089C165DFE840E0CC02AAC07 /* English */ = {isa = PBXFileReference; fileEncoding = 4; lastKnownFileType = text.plist.strings; name = English; path = English.lproj/InfoPlist.strings; sourceTree = "<group>"; };
		1058C7A1FEA54F0111CA2CBB /* Cocoa.framework */ = {isa = PBXFileReference; lastKnownFileType = wrapper.framework; name = Cocoa.framework; path = /System/Library/Frameworks/Cocoa.framework; sourceTree = "<absolute>"; };
		13E42FB307B3F0F600E4EEF1 /* CoreData.framework */ = {isa = PBXFileReference; lastKnownFileType = wrapper.framework; name = CoreData.framework; path = /System/Library/Frameworks/CoreData.framework; sourceTree = "<absolute>"; };
		1DDD58150DA1D0A300B32029 /* English */ = {isa = PBXFileReference; lastKnownFileType = file.xib; name = English; path = English.lproj/MainMenu.xib; sourceTree = "<group>"; };
		256AC3D80F4B6AC300CF3369 /* TabiAppDelegate.h */ = {isa = PBXFileReference; fileEncoding = 4; lastKnownFileType = sourcecode.c.h; path = TabiAppDelegate.h; sourceTree = "<group>"; };
		256AC3D90F4B6AC300CF3369 /* TabiAppDelegate.m */ = {isa = PBXFileReference; fileEncoding = 4; lastKnownFileType = sourcecode.c.objc; path = TabiAppDelegate.m; sourceTree = "<group>"; };
		256AC3F00F4B6AF500CF3369 /* Tabi_Prefix.pch */ = {isa = PBXFileReference; fileEncoding = 4; lastKnownFileType = sourcecode.c.h; path = Tabi_Prefix.pch; sourceTree = "<group>"; };
		29B97316FDCFA39411CA2CEA /* main.m */ = {isa = PBXFileReference; fileEncoding = 4; lastKnownFileType = sourcecode.c.objc; path = main.m; sourceTree = "<group>"; };
		29B97324FDCFA39411CA2CEA /* AppKit.framework */ = {isa = PBXFileReference; lastKnownFileType = wrapper.framework; name = AppKit.framework; path = /System/Library/Frameworks/AppKit.framework; sourceTree = "<absolute>"; };
		29B97325FDCFA39411CA2CEA /* Foundation.framework */ = {isa = PBXFileReference; lastKnownFileType = wrapper.framework; name = Foundation.framework; path = /System/Library/Frameworks/Foundation.framework; sourceTree = "<absolute>"; };
		67632B9F110D601D00B91374 /* snail.icns */ = {isa = PBXFileReference; lastKnownFileType = image.icns; path = snail.icns; sourceTree = "<group>"; };
		67632C91110D726A00B91374 /* snail_16_black_white.png */ = {isa = PBXFileReference; lastKnownFileType = image.png; path = snail_16_black_white.png; sourceTree = "<group>"; };
		67632CB3110D737000B91374 /* snail_16_yellow.png */ = {isa = PBXFileReference; lastKnownFileType = image.png; path = snail_16_yellow.png; sourceTree = "<group>"; };
		67632D58110D823C00B91374 /* NSAppUtils.h */ = {isa = PBXFileReference; fileEncoding = 4; lastKnownFileType = sourcecode.c.h; path = NSAppUtils.h; sourceTree = "<group>"; };
		67632D59110D823C00B91374 /* NSAppUtils.m */ = {isa = PBXFileReference; fileEncoding = 4; lastKnownFileType = sourcecode.c.objc; path = NSAppUtils.m; sourceTree = "<group>"; };
		67633147110E7A1300B91374 /* SystemConfiguration.framework */ = {isa = PBXFileReference; lastKnownFileType = wrapper.framework; name = SystemConfiguration.framework; path = System/Library/Frameworks/SystemConfiguration.framework; sourceTree = SDKROOT; };
		67633168110E7AF700B91374 /* Security.framework */ = {isa = PBXFileReference; lastKnownFileType = wrapper.framework; name = Security.framework; path = System/Library/Frameworks/Security.framework; sourceTree = SDKROOT; };
		6763336E110F70D300B91374 /* Growl.framework */ = {isa = PBXFileReference; lastKnownFileType = wrapper.framework; path = Growl.framework; sourceTree = "<group>"; };
		678ADCDA112FD07F00514633 /* TabiAgent.h */ = {isa = PBXFileReference; fileEncoding = 4; lastKnownFileType = sourcecode.c.h; path = TabiAgent.h; sourceTree = "<group>"; };
		678ADCDB112FD07F00514633 /* TabiAgent.m */ = {isa = PBXFileReference; fileEncoding = 4; lastKnownFileType = sourcecode.c.objc; path = TabiAgent.m; sourceTree = "<group>"; };
		678AE00111325A9D00514633 /* NSDictionaryAdditions.h */ = {isa = PBXFileReference; fileEncoding = 4; lastKnownFileType = sourcecode.c.h; path = NSDictionaryAdditions.h; sourceTree = "<group>"; };
		678AE00211325A9D00514633 /* NSDictionaryAdditions.m */ = {isa = PBXFileReference; fileEncoding = 4; lastKnownFileType = sourcecode.c.objc; path = NSDictionaryAdditions.m; sourceTree = "<group>"; };
		678D0A10113319A300501B10 /* Actor.h */ = {isa = PBXFileReference; fileEncoding = 4; lastKnownFileType = sourcecode.c.h; path = Actor.h; sourceTree = "<group>"; };
		678D0A11113319A300501B10 /* Actor.m */ = {isa = PBXFileReference; fileEncoding = 4; lastKnownFileType = sourcecode.c.objc; path = Actor.m; sourceTree = "<group>"; };
		678D0A12113319A300501B10 /* BlocksAdditions.h */ = {isa = PBXFileReference; fileEncoding = 4; lastKnownFileType = sourcecode.c.h; path = BlocksAdditions.h; sourceTree = "<group>"; };
		678D0A13113319A300501B10 /* BlocksAdditions.m */ = {isa = PBXFileReference; fileEncoding = 4; lastKnownFileType = sourcecode.c.objc; path = BlocksAdditions.m; sourceTree = "<group>"; };
		678D0A14113319A300501B10 /* CollectionsAdditions.h */ = {isa = PBXFileReference; fileEncoding = 4; lastKnownFileType = sourcecode.c.h; path = CollectionsAdditions.h; sourceTree = "<group>"; };
		678D0A15113319A300501B10 /* CollectionsAdditions.m */ = {isa = PBXFileReference; fileEncoding = 4; lastKnownFileType = sourcecode.c.objc; path = CollectionsAdditions.m; sourceTree = "<group>"; };
		678D0A16113319A300501B10 /* NetUtils.h */ = {isa = PBXFileReference; fileEncoding = 4; lastKnownFileType = sourcecode.c.h; path = NetUtils.h; sourceTree = "<group>"; };
		678D0A17113319A300501B10 /* NetUtils.m */ = {isa = PBXFileReference; fileEncoding = 4; lastKnownFileType = sourcecode.c.objc; path = NetUtils.m; sourceTree = "<group>"; };
		678D0A18113319A300501B10 /* NetworkObserver.h */ = {isa = PBXFileReference; fileEncoding = 4; lastKnownFileType = sourcecode.c.h; path = NetworkObserver.h; sourceTree = "<group>"; };
		678D0A19113319A300501B10 /* NetworkObserver.m */ = {isa = PBXFileReference; fileEncoding = 4; lastKnownFileType = sourcecode.c.objc; path = NetworkObserver.m; sourceTree = "<group>"; };
		8D1107310486CEB800E47090 /* Tabi-Info.plist */ = {isa = PBXFileReference; fileEncoding = 4; lastKnownFileType = text.plist.xml; path = "Tabi-Info.plist"; sourceTree = "<group>"; };
		8D1107320486CEB800E47090 /* Tabi.app */ = {isa = PBXFileReference; explicitFileType = wrapper.application; includeInIndex = 0; path = Tabi.app; sourceTree = BUILT_PRODUCTS_DIR; };
/* End PBXFileReference section */

/* Begin PBXFrameworksBuildPhase section */
		8D11072E0486CEB800E47090 /* Frameworks */ = {
			isa = PBXFrameworksBuildPhase;
			buildActionMask = 2147483647;
			files = (
				8D11072F0486CEB800E47090 /* Cocoa.framework in Frameworks */,
				67633148110E7A1300B91374 /* SystemConfiguration.framework in Frameworks */,
				67633169110E7AF700B91374 /* Security.framework in Frameworks */,
				6763336F110F70D300B91374 /* Growl.framework in Frameworks */,
			);
			runOnlyForDeploymentPostprocessing = 0;
		};
/* End PBXFrameworksBuildPhase section */

/* Begin PBXGroup section */
		080E96DDFE201D6D7F000001 /* Classes */ = {
			isa = PBXGroup;
			children = (
				678ADCDA112FD07F00514633 /* TabiAgent.h */,
				678ADCDB112FD07F00514633 /* TabiAgent.m */,
				256AC3D80F4B6AC300CF3369 /* TabiAppDelegate.h */,
				256AC3D90F4B6AC300CF3369 /* TabiAppDelegate.m */,
			);
			name = Classes;
			sourceTree = "<group>";
		};
		1058C7A0FEA54F0111CA2CBB /* Linked Frameworks */ = {
			isa = PBXGroup;
			children = (
				67633168110E7AF700B91374 /* Security.framework */,
				67633147110E7A1300B91374 /* SystemConfiguration.framework */,
				1058C7A1FEA54F0111CA2CBB /* Cocoa.framework */,
			);
			name = "Linked Frameworks";
			sourceTree = "<group>";
		};
		1058C7A2FEA54F0111CA2CBB /* Other Frameworks */ = {
			isa = PBXGroup;
			children = (
				6763336E110F70D300B91374 /* Growl.framework */,
				29B97324FDCFA39411CA2CEA /* AppKit.framework */,
				13E42FB307B3F0F600E4EEF1 /* CoreData.framework */,
				29B97325FDCFA39411CA2CEA /* Foundation.framework */,
			);
			name = "Other Frameworks";
			sourceTree = "<group>";
		};
		19C28FACFE9D520D11CA2CBB /* Products */ = {
			isa = PBXGroup;
			children = (
				8D1107320486CEB800E47090 /* Tabi.app */,
			);
			name = Products;
			sourceTree = "<group>";
		};
		29B97314FDCFA39411CA2CEA /* Tabi */ = {
			isa = PBXGroup;
			children = (
				080E96DDFE201D6D7F000001 /* Classes */,
				29B97315FDCFA39411CA2CEA /* Other Sources */,
				29B97317FDCFA39411CA2CEA /* Resources */,
				29B97323FDCFA39411CA2CEA /* Frameworks */,
				19C28FACFE9D520D11CA2CBB /* Products */,
			);
			name = Tabi;
			sourceTree = "<group>";
		};
		29B97315FDCFA39411CA2CEA /* Other Sources */ = {
			isa = PBXGroup;
			children = (
				678D0A0F113319A300501B10 /* Common */,
				678AE00111325A9D00514633 /* NSDictionaryAdditions.h */,
				678AE00211325A9D00514633 /* NSDictionaryAdditions.m */,
				67632D58110D823C00B91374 /* NSAppUtils.h */,
				67632D59110D823C00B91374 /* NSAppUtils.m */,
				256AC3F00F4B6AF500CF3369 /* Tabi_Prefix.pch */,
				29B97316FDCFA39411CA2CEA /* main.m */,
			);
			name = "Other Sources";
			sourceTree = "<group>";
		};
		29B97317FDCFA39411CA2CEA /* Resources */ = {
			isa = PBXGroup;
			children = (
				67632C91110D726A00B91374 /* snail_16_black_white.png */,
				67632CB3110D737000B91374 /* snail_16_yellow.png */,
				67632B9F110D601D00B91374 /* snail.icns */,
				8D1107310486CEB800E47090 /* Tabi-Info.plist */,
				089C165CFE840E0CC02AAC07 /* InfoPlist.strings */,
				1DDD58140DA1D0A300B32029 /* MainMenu.xib */,
			);
			name = Resources;
			sourceTree = "<group>";
		};
		29B97323FDCFA39411CA2CEA /* Frameworks */ = {
			isa = PBXGroup;
			children = (
				1058C7A0FEA54F0111CA2CBB /* Linked Frameworks */,
				1058C7A2FEA54F0111CA2CBB /* Other Frameworks */,
			);
			name = Frameworks;
			sourceTree = "<group>";
		};
		678D0A0F113319A300501B10 /* Common */ = {
			isa = PBXGroup;
			children = (
				678D0A10113319A300501B10 /* Actor.h */,
				678D0A11113319A300501B10 /* Actor.m */,
				678D0A12113319A300501B10 /* BlocksAdditions.h */,
				678D0A13113319A300501B10 /* BlocksAdditions.m */,
				678D0A14113319A300501B10 /* CollectionsAdditions.h */,
				678D0A15113319A300501B10 /* CollectionsAdditions.m */,
				678D0A16113319A300501B10 /* NetUtils.h */,
				678D0A17113319A300501B10 /* NetUtils.m */,
				678D0A18113319A300501B10 /* NetworkObserver.h */,
				678D0A19113319A300501B10 /* NetworkObserver.m */,
			);
			name = Common;
			path = ../Common;
			sourceTree = SOURCE_ROOT;
		};
/* End PBXGroup section */

/* Begin PBXNativeTarget section */
		8D1107260486CEB800E47090 /* Tabi */ = {
			isa = PBXNativeTarget;
			buildConfigurationList = C01FCF4A08A954540054247B /* Build configuration list for PBXNativeTarget "Tabi" */;
			buildPhases = (
				8D1107290486CEB800E47090 /* Resources */,
				8D11072C0486CEB800E47090 /* Sources */,
				8D11072E0486CEB800E47090 /* Frameworks */,
				676333AD110F73E400B91374 /* CopyFiles */,
			);
			buildRules = (
			);
			dependencies = (
			);
			name = Tabi;
			productInstallPath = "$(HOME)/Applications";
			productName = Tabi;
			productReference = 8D1107320486CEB800E47090 /* Tabi.app */;
			productType = "com.apple.product-type.application";
		};
/* End PBXNativeTarget section */

/* Begin PBXProject section */
		29B97313FDCFA39411CA2CEA /* Project object */ = {
			isa = PBXProject;
			buildConfigurationList = C01FCF4E08A954540054247B /* Build configuration list for PBXProject "Tabi_Mac_OS_X" */;
			compatibilityVersion = "Xcode 3.1";
			hasScannedForEncodings = 1;
			mainGroup = 29B97314FDCFA39411CA2CEA /* Tabi */;
			projectDirPath = "";
			projectRoot = "";
			targets = (
				8D1107260486CEB800E47090 /* Tabi */,
			);
		};
/* End PBXProject section */

/* Begin PBXResourcesBuildPhase section */
		8D1107290486CEB800E47090 /* Resources */ = {
			isa = PBXResourcesBuildPhase;
			buildActionMask = 2147483647;
			files = (
				8D11072B0486CEB800E47090 /* InfoPlist.strings in Resources */,
				1DDD58160DA1D0A300B32029 /* MainMenu.xib in Resources */,
				67632BA0110D601D00B91374 /* snail.icns in Resources */,
				67632C92110D726A00B91374 /* snail_16_black_white.png in Resources */,
				67632CB4110D737000B91374 /* snail_16_yellow.png in Resources */,
			);
			runOnlyForDeploymentPostprocessing = 0;
		};
/* End PBXResourcesBuildPhase section */

/* Begin PBXSourcesBuildPhase section */
		8D11072C0486CEB800E47090 /* Sources */ = {
			isa = PBXSourcesBuildPhase;
			buildActionMask = 2147483647;
			files = (
				8D11072D0486CEB800E47090 /* main.m in Sources */,
				256AC3DA0F4B6AC300CF3369 /* TabiAppDelegate.m in Sources */,
				67632D5A110D823C00B91374 /* NSAppUtils.m in Sources */,
				678ADCDC112FD07F00514633 /* TabiAgent.m in Sources */,
				678AE00311325A9D00514633 /* NSDictionaryAdditions.m in Sources */,
				678D0A1A113319A300501B10 /* Actor.m in Sources */,
				678D0A1B113319A300501B10 /* BlocksAdditions.m in Sources */,
				678D0A1C113319A300501B10 /* CollectionsAdditions.m in Sources */,
				678D0A1D113319A300501B10 /* NetUtils.m in Sources */,
				678D0A1E113319A300501B10 /* NetworkObserver.m in Sources */,
			);
			runOnlyForDeploymentPostprocessing = 0;
		};
/* End PBXSourcesBuildPhase section */

/* Begin PBXVariantGroup section */
		089C165CFE840E0CC02AAC07 /* InfoPlist.strings */ = {
			isa = PBXVariantGroup;
			children = (
				089C165DFE840E0CC02AAC07 /* English */,
			);
			name = InfoPlist.strings;
			sourceTree = "<group>";
		};
		1DDD58140DA1D0A300B32029 /* MainMenu.xib */ = {
			isa = PBXVariantGroup;
			children = (
				1DDD58150DA1D0A300B32029 /* English */,
			);
			name = MainMenu.xib;
			sourceTree = "<group>";
		};
/* End PBXVariantGroup section */

/* Begin XCBuildConfiguration section */
		C01FCF4B08A954540054247B /* Debug */ = {
			isa = XCBuildConfiguration;
			buildSettings = {
				ALWAYS_SEARCH_USER_PATHS = NO;
				COPY_PHASE_STRIP = NO;
				FRAMEWORK_SEARCH_PATHS = (
					"$(inherited)",
					"\"$(SRCROOT)\"",
				);
				GCC_DYNAMIC_NO_PIC = NO;
				GCC_ENABLE_FIX_AND_CONTINUE = YES;
				GCC_MODEL_TUNING = G5;
				GCC_OPTIMIZATION_LEVEL = 0;
				GCC_PRECOMPILE_PREFIX_HEADER = YES;
				GCC_PREFIX_HEADER = Tabi_Prefix.pch;
				INFOPLIST_FILE = "Tabi-Info.plist";
				INSTALL_PATH = "$(HOME)/Applications";
				PRODUCT_NAME = Tabi;
			};
			name = Debug;
		};
		C01FCF4C08A954540054247B /* Release */ = {
			isa = XCBuildConfiguration;
			buildSettings = {
				ALWAYS_SEARCH_USER_PATHS = NO;
				DEBUG_INFORMATION_FORMAT = "dwarf-with-dsym";
				FRAMEWORK_SEARCH_PATHS = (
					"$(inherited)",
					"\"$(SRCROOT)\"",
				);
				GCC_MODEL_TUNING = G5;
				GCC_PRECOMPILE_PREFIX_HEADER = YES;
				GCC_PREFIX_HEADER = Tabi_Prefix.pch;
				INFOPLIST_FILE = "Tabi-Info.plist";
				INSTALL_PATH = "$(HOME)/Applications";
				PRODUCT_NAME = Tabi;
			};
			name = Release;
		};
		C01FCF4F08A954540054247B /* Debug */ = {
			isa = XCBuildConfiguration;
			buildSettings = {
				ARCHS = "$(ARCHS_STANDARD_32_64_BIT)";
				GCC_C_LANGUAGE_STANDARD = gnu99;
				GCC_OPTIMIZATION_LEVEL = 0;
				GCC_WARN_ABOUT_RETURN_TYPE = YES;
				GCC_WARN_UNUSED_VARIABLE = YES;
				ONLY_ACTIVE_ARCH = YES;
				PREBINDING = NO;
				SDKROOT = macosx10.6;
			};
			name = Debug;
		};
		C01FCF5008A954540054247B /* Release */ = {
			isa = XCBuildConfiguration;
			buildSettings = {
				ARCHS = "$(ARCHS_STANDARD_32_64_BIT)";
				GCC_C_LANGUAGE_STANDARD = gnu99;
				GCC_WARN_ABOUT_RETURN_TYPE = YES;
				GCC_WARN_UNUSED_VARIABLE = YES;
				PREBINDING = NO;
				SDKROOT = macosx10.6;
			};
			name = Release;
		};
/* End XCBuildConfiguration section */

/* Begin XCConfigurationList section */
		C01FCF4A08A954540054247B /* Build configuration list for PBXNativeTarget "Tabi" */ = {
			isa = XCConfigurationList;
			buildConfigurations = (
				C01FCF4B08A954540054247B /* Debug */,
				C01FCF4C08A954540054247B /* Release */,
			);
			defaultConfigurationIsVisible = 0;
			defaultConfigurationName = Release;
		};
		C01FCF4E08A954540054247B /* Build configuration list for PBXProject "Tabi_Mac_OS_X" */ = {
			isa = XCConfigurationList;
			buildConfigurations = (
				C01FCF4F08A954540054247B /* Debug */,
				C01FCF5008A954540054247B /* Release */,
			);
			defaultConfigurationIsVisible = 0;
			defaultConfigurationName = Release;
		};
/* End XCConfigurationList section */
	};
	rootObject = 29B97313FDCFA39411CA2CEA /* Project object */;
}
